Microsoft Visual Studio Solution File, Format Version 9.00
# Visual Studio 2005
Project("{8BC9CEB8-8B4A-11D0-8D11-00A0C91BC942}") = "Plugin273", "Plugin273.vcproj", "{0B39D29A-963E-24AA-7C27-8160557244CC}"
	ProjectSection(ProjectDependencies) = postProject
	EndProjectSection
EndProject
Global
	GlobalSection(SolutionConfigurationPlatforms) = preSolution
		debugMax2008|Win32 = debugMax2008|Win32
		debugMax2009|Win32 = debugMax2009|Win32
		debugMax9|Win32 = debugMax9|Win32
		releaseMax2008|Win32 = releaseMax2008|Win32
		releaseMax2009|Win32 = releaseMax2009|Win32
		releaseMax9|Win32 = releaseMax9|Win32
	EndGlobalSection
	GlobalSection(ProjectConfigurationPlatforms) = postSolution
		{0B39D29A-963E-24AA-7C27-8160557244CC}.debugMax2008|Win32.ActiveCfg = debugMax2008|Win32
		{0B39D29A-963E-24AA-7C27-8160557244CC}.debugMax2008|Win32.Build.0 = debugMax2008|Win32
		{0B39D29A-963E-24AA-7C27-8160557244CC}.debugMax2009|Win32.ActiveCfg = debugMax2009|Win32
		{0B39D29A-963E-24AA-7C27-8160557244CC}.debugMax2009|Win32.Build.0 = debugMax2009|Win32
		{0B39D29A-963E-24AA-7C27-8160557244CC}.debugMax9|Win32.ActiveCfg = debugMax9|Win32
		{0B39D29A-963E-24AA-7C27-8160557244CC}.debugMax9|Win32.Build.0 = debugMax9|Win32
		{0B39D29A-963E-24AA-7C27-8160557244CC}.releaseMax2008|Win32.ActiveCfg = releaseMax2008|Win32
		{0B39D29A-963E-24AA-7C27-8160557244CC}.releaseMax2008|Win32.Build.0 = releaseMax2008|Win32
		{0B39D29A-963E-24AA-7C27-8160557244CC}.releaseMax2009|Win32.ActiveCfg = releaseMax2009|Win32
		{0B39D29A-963E-24AA-7C27-8160557244CC}.releaseMax2009|Win32.Build.0 = releaseMax2009|Win32
		{0B39D29A-963E-24AA-7C27-8160557244CC}.releaseMax9|Win32.ActiveCfg = releaseMax9|Win32
		{0B39D29A-963E-24AA-7C27-8160557244CC}.releaseMax9|Win32.Build.0 = releaseMax9|Win32
	EndGlobalSection
	GlobalSection(ExtensibilityGlobals) = postSolution
	EndGlobalSection
	GlobalSection(ExtensibilityAddins) = postSolution
	EndGlobalSection
EndGlobal
